// !$*UTF8*$!
{
	archiveVersion = 1;
	classes = {
	};
	objectVersion = 46;
	objects = {

/* Begin PBXBuildFile section */
		85416D8F1ECECC44005D0B7E /* main.m in Sources */ = {isa = PBXBuildFile; fileRef = 85416D8E1ECECC44005D0B7E /* main.m */; };
		85416D921ECECC44005D0B7E /* AppDelegate.m in Sources */ = {isa = PBXBuildFile; fileRef = 85416D911ECECC44005D0B7E /* AppDelegate.m */; };
		85416D951ECECC44005D0B7E /* ViewController.m in Sources */ = {isa = PBXBuildFile; fileRef = 85416D941ECECC44005D0B7E /* ViewController.m */; };
		85416D981ECECC44005D0B7E /* Main.storyboard in Resources */ = {isa = PBXBuildFile; fileRef = 85416D961ECECC44005D0B7E /* Main.storyboard */; };
		85416D9A1ECECC44005D0B7E /* Assets.xcassets in Resources */ = {isa = PBXBuildFile; fileRef = 85416D991ECECC44005D0B7E /* Assets.xcassets */; };
		85416D9D1ECECC44005D0B7E /* LaunchScreen.storyboard in Resources */ = {isa = PBXBuildFile; fileRef = 85416D9B1ECECC44005D0B7E /* LaunchScreen.storyboard */; };
		85416DA81ECECCC7005D0B7E /* JMediaPlayerVC.m in Sources */ = {isa = PBXBuildFile; fileRef = 85416DA71ECECCC7005D0B7E /* JMediaPlayerVC.m */; };
/* End PBXBuildFile section */

/* Begin PBXFileReference section */
		85416D8A1ECECC44005D0B7E /* PlayerInitWithApple.app */ = {isa = PBXFileReference; explicitFileType = wrapper.application; includeInIndex = 0; path = PlayerInitWithApple.app; sourceTree = BUILT_PRODUCTS_DIR; };
		85416D8E1ECECC44005D0B7E /* main.m */ = {isa = PBXFileReference; lastKnownFileType = sourcecode.c.objc; path = main.m; sourceTree = "<group>"; };
		85416D901ECECC44005D0B7E /* AppDelegate.h */ = {isa = PBXFileReference; lastKnownFileType = sourcecode.c.h; path = AppDelegate.h; sourceTree = "<group>"; };
		85416D911ECECC44005D0B7E /* AppDelegate.m */ = {isa = PBXFileReference; lastKnownFileType = sourcecode.c.objc; path = AppDelegate.m; sourceTree = "<group>"; };
		85416D931ECECC44005D0B7E /* ViewController.h */ = {isa = PBXFileReference; lastKnownFileType = sourcecode.c.h; path = ViewController.h; sourceTree = "<group>"; };
		85416D941ECECC44005D0B7E /* ViewController.m */ = {isa = PBXFileReference; lastKnownFileType = sourcecode.c.objc; path = ViewController.m; sourceTree = "<group>"; };
		85416D971ECECC44005D0B7E /* Base */ = {isa = PBXFileReference; lastKnownFileType = file.storyboard; name = Base; path = Base.lproj/Main.storyboard; sourceTree = "<group>"; };
		85416D991ECECC44005D0B7E /* Assets.xcassets */ = {isa = PBXFileReference; lastKnownFileType = folder.assetcatalog; path = Assets.xcassets; sourceTree = "<group>"; };
		85416D9C1ECECC44005D0B7E /* Base */ = {isa = PBXFileReference; lastKnownFileType = file.storyboard; name = Base; path = Base.lproj/LaunchScreen.storyboard; sourceTree = "<group>"; };
		85416D9E1ECECC44005D0B7E /* Info.plist */ = {isa = PBXFileReference; lastKnownFileType = text.plist.xml; path = Info.plist; sourceTree = "<group>"; };
		85416DA61ECECCC7005D0B7E /* JMediaPlayerVC.h */ = {isa = PBXFileReference; fileEncoding = 4; lastKnownFileType = sourcecode.c.h; path = JMediaPlayerVC.h; sourceTree = "<group>"; };
		85416DA71ECECCC7005D0B7E /* JMediaPlayerVC.m */ = {isa = PBXFileReference; fileEncoding = 4; lastKnownFileType = sourcecode.c.objc; path = JMediaPlayerVC.m; sourceTree = "<group>"; };
/* End PBXFileReference section */

/* Begin PBXFrameworksBuildPhase section */
		85416D871ECECC44005D0B7E /* Frameworks */ = {
			isa = PBXFrameworksBuildPhase;
			buildActionMask = 2147483647;
			files = (
			);
			runOnlyForDeploymentPostprocessing = 0;
		};
/* End PBXFrameworksBuildPhase section */

/* Begin PBXGroup section */
		85416D811ECECC44005D0B7E = {
			isa = PBXGroup;
			children = (
				85416D8C1ECECC44005D0B7E /* PlayerInitWithApple */,
				85416D8B1ECECC44005D0B7E /* Products */,
			);
			sourceTree = "<group>";
		};
		85416D8B1ECECC44005D0B7E /* Products */ = {
			isa = PBXGroup;
			children = (
				85416D8A1ECECC44005D0B7E /* PlayerInitWithApple.app */,
			);
			name = Products;
			sourceTree = "<group>";
		};
		85416D8C1ECECC44005D0B7E /* PlayerInitWithApple */ = {
			isa = PBXGroup;
			children = (
				85416DA51ECECCA5005D0B7E /* AVKit */,
				85416DA41ECECC92005D0B7E /* MediaPlayer */,
				85416D901ECECC44005D0B7E /* AppDelegate.h */,
				85416D911ECECC44005D0B7E /* AppDelegate.m */,
				85416D931ECECC44005D0B7E /* ViewController.h */,
				85416D941ECECC44005D0B7E /* ViewController.m */,
				85416D961ECECC44005D0B7E /* Main.storyboard */,
				85416D991ECECC44005D0B7E /* Assets.xcassets */,
				85416D9B1ECECC44005D0B7E /* LaunchScreen.storyboard */,
				85416D9E1ECECC44005D0B7E /* Info.plist */,
				85416D8D1ECECC44005D0B7E /* Supporting Files */,
			);
			path = PlayerInitWithApple;
			sourceTree = "<group>";
		};
		85416D8D1ECECC44005D0B7E /* Supporting Files */ = {
			isa = PBXGroup;
			children = (
				85416D8E1ECECC44005D0B7E /* main.m */,
			);
			name = "Supporting Files";
			sourceTree = "<group>";
		};
		85416DA41ECECC92005D0B7E /* MediaPlayer */ = {
			isa = PBXGroup;
			children = (
				85416DA61ECECCC7005D0B7E /* JMediaPlayerVC.h */,
				85416DA71ECECCC7005D0B7E /* JMediaPlayerVC.m */,
			);
			name = MediaPlayer;
			sourceTree = "<group>";
		};
		85416DA51ECECCA5005D0B7E /* AVKit */ = {
			isa = PBXGroup;
			children = (
			);
			name = AVKit;
			sourceTree = "<group>";
		};
/* End PBXGroup section */

/* Begin PBXNativeTarget section */
		85416D891ECECC44005D0B7E /* PlayerInitWithApple */ = {
			isa = PBXNativeTarget;
			buildConfigurationList = 85416DA11ECECC44005D0B7E /* Build configuration list for PBXNativeTarget "PlayerInitWithApple" */;
			buildPhases = (
				85416D861ECECC44005D0B7E /* Sources */,
				85416D871ECECC44005D0B7E /* Frameworks */,
				85416D881ECECC44005D0B7E /* Resources */,
			);
			buildRules = (
			);
			dependencies = (
			);
			name = PlayerInitWithApple;
			productName = PlayerInitWithApple;
			productReference = 85416D8A1ECECC44005D0B7E /* PlayerInitWithApple.app */;
			productType = "com.apple.product-type.application";
		};
/* End PBXNativeTarget section */

/* Begin PBXProject section */
		85416D821ECECC44005D0B7E /* Project object */ = {
			isa = PBXProject;
			attributes = {
				LastUpgradeCheck = 0830;
				ORGANIZATIONNAME = jacky;
				TargetAttributes = {
					85416D891ECECC44005D0B7E = {
						CreatedOnToolsVersion = 8.3.1;
						DevelopmentTeam = L9ALLF39KA;
						ProvisioningStyle = Automatic;
					};
				};
			};
			buildConfigurationList = 85416D851ECECC44005D0B7E /* Build configuration list for PBXProject "PlayerInitWithApple" */;
			compatibilityVersion = "Xcode 3.2";
			developmentRegion = English;
			hasScannedForEncodings = 0;
			knownRegions = (
				en,
				Base,
			);
			mainGroup = 85416D811ECECC44005D0B7E;
			productRefGroup = 85416D8B1ECECC44005D0B7E /* Products */;
			projectDirPath = "";
			projectRoot = "";
			targets = (
				85416D891ECECC44005D0B7E /* PlayerInitWithApple */,
			);
		};
/* End PBXProject section */

/* Begin PBXResourcesBuildPhase section */
		85416D881ECECC44005D0B7E /* Resources */ = {
			isa = PBXResourcesBuildPhase;
			buildActionMask = 2147483647;
			files = (
				85416D9D1ECECC44005D0B7E /* LaunchScreen.storyboard in Resources */,
				85416D9A1ECECC44005D0B7E /* Assets.xcassets in Resources */,
				85416D981ECECC44005D0B7E /* Main.storyboard in Resources */,
			);
			runOnlyForDeploymentPostprocessing = 0;
		};
/* End PBXResourcesBuildPhase section */

/* Begin PBXSourcesBuildPhase section */
		85416D861ECECC44005D0B7E /* Sources */ = {
			isa = PBXSourcesBuildPhase;
			buildActionMask = 2147483647;
			files = (
				85416D951ECECC44005D0B7E /* ViewController.m in Sources */,
				85416D921ECECC44005D0B7E /* AppDelegate.m in Sources */,
				85416D8F1ECECC44005D0B7E /* main.m in Sources */,
				85416DA81ECECCC7005D0B7E /* JMediaPlayerVC.m in Sources */,
			);
			runOnlyForDeploymentPostprocessing = 0;
		};
/* End PBXSourcesBuildPhase section */

/* Begin PBXVariantGroup section */
		85416D961ECECC44005D0B7E /* Main.storyboard */ = {
			isa = PBXVariantGroup;
			children = (
				85416D971ECECC44005D0B7E /* Base */,
			);
			name = Main.storyboard;
			sourceTree = "<group>";
		};
		85416D9B1ECECC44005D0B7E /* LaunchScreen.storyboard */ = {
			isa = PBXVariantGroup;
			children = (
				85416D9C1ECECC44005D0B7E /* Base */,
			);
			name = LaunchScreen.storyboard;
			sourceTree = "<group>";
		};
/* End PBXVariantGroup section */

/* Begin XCBuildConfiguration section */
		85416D9F1ECECC44005D0B7E /* Debug */ = {
			isa = XCBuildConfiguration;
			buildSettings = {
				ALWAYS_SEARCH_USER_PATHS = NO;
				CLANG_ANALYZER_NONNULL = YES;
				CLANG_ANALYZER_NUMBER_OBJECT_CONVERSION = YES_AGGRESSIVE;
				CLANG_CXX_LANGUAGE_STANDARD = "gnu++0x";
				CLANG_CXX_LIBRARY = "libc++";
				CLANG_ENABLE_MODULES = YES;
				CLANG_ENABLE_OBJC_ARC = YES;
				CLANG_WARN_BOOL_CONVERSION = YES;
				CLANG_WARN_CONSTANT_CONVERSION = YES;
				CLANG_WARN_DIRECT_OBJC_ISA_USAGE = YES_ERROR;
				CLANG_WARN_DOCUMENTATION_COMMENTS = YES;
				CLANG_WARN_EMPTY_BODY = YES;
				CLANG_WARN_ENUM_CONVERSION = YES;
				CLANG_WARN_INFINITE_RECURSION = YES;
				CLANG_WARN_INT_CONVERSION = YES;
				CLANG_WARN_OBJC_ROOT_CLASS = YES_ERROR;
				CLANG_WARN_SUSPICIOUS_MOVE = YES;
				CLANG_WARN_UNREACHABLE_CODE = YES;
				CLANG_WARN__DUPLICATE_METHOD_MATCH = YES;
				"CODE_SIGN_IDENTITY[sdk=iphoneos*]" = "iPhone Developer";
				COPY_PHASE_STRIP = NO;
				DEBUG_INFORMATION_FORMAT = dwarf;
				ENABLE_STRICT_OBJC_MSGSEND = YES;
				ENABLE_TESTABILITY = YES;
				GCC_C_LANGUAGE_STANDARD = gnu99;
				GCC_DYNAMIC_NO_PIC = NO;
				GCC_NO_COMMON_BLOCKS = YES;
				GCC_OPTIMIZATION_LEVEL = 0;
				GCC_PREPROCESSOR_DEFINITIONS = (
					"DEBUG=1",
					"$(inherited)",
				);
				GCC_WARN_64_TO_32_BIT_CONVERSION = YES;
				GCC_WARN_ABOUT_RETURN_TYPE = YES_ERROR;
				GCC_WARN_UNDECLARED_SELECTOR = YES;
				GCC_WARN_UNINITIALIZED_AUTOS = YES_AGGRESSIVE;
				GCC_WARN_UNUSED_FUNCTION = YES;
				GCC_WARN_UNUSED_VARIABLE = YES;
				IPHONEOS_DEPLOYMENT_TARGET = 10.3;
				MTL_ENABLE_DEBUG_INFO = YES;
				ONLY_ACTIVE_ARCH = YES;
				SDKROOT = iphoneos;
			};
			name = Debug;
		};
		85416DA01ECECC44005D0B7E /* Release */ = {
			isa = XCBuildConfiguration;
			buildSettings = {
				ALWAYS_SEARCH_USER_PATHS = NO;
				CLANG_ANALYZER_NONNULL = YES;
				CLANG_ANALYZER_NUMBER_OBJECT_CONVERSION = YES_AGGRESSIVE;
				CLANG_CXX_LANGUAGE_STANDARD = "gnu++0x";
				CLANG_CXX_LIBRARY = "libc++";
				CLANG_ENABLE_MODULES = YES;
				CLANG_ENABLE_OBJC_ARC = YES;
				CLANG_WARN_BOOL_CONVERSION = YES;
				CLANG_WARN_CONSTANT_CONVERSION = YES;
				CLANG_WARN_DIRECT_OBJC_ISA_USAGE = YES_ERROR;
				CLANG_WARN_DOCUMENTATION_COMMENTS = YES;
				CLANG_WARN_EMPTY_BODY = YES;
				CLANG_WARN_ENUM_CONVERSION = YES;
				CLANG_WARN_INFINITE_RECURSION = YES;
				CLANG_WARN_INT_CONVERSION = YES;
				CLANG_WARN_OBJC_ROOT_CLASS = YES_ERROR;
				CLANG_WARN_SUSPICIOUS_MOVE = YES;
				CLANG_WARN_UNREACHABLE_CODE = YES;
				CLANG_WARN__DUPLICATE_METHOD_MATCH = YES;
				"CODE_SIGN_IDENTITY[sdk=iphoneos*]" = "iPhone Developer";
				COPY_PHASE_STRIP = NO;
				DEBUG_INFORMATION_FORMAT = "dwarf-with-dsym";
				ENABLE_NS_ASSERTIONS = NO;
				ENABLE_STRICT_OBJC_MSGSEND = YES;
				GCC_C_LANGUAGE_STANDARD = gnu99;
				GCC_NO_COMMON_BLOCKS = YES;
				GCC_WARN_64_TO_32_BIT_CONVERSION = YES;
				GCC_WARN_ABOUT_RETURN_TYPE = YES_ERROR;
				GCC_WARN_UNDECLARED_SELECTOR = YES;
				GCC_WARN_UNINITIALIZED_AUTOS = YES_AGGRESSIVE;
				GCC_WARN_UNUSED_FUNCTION = YES;
				GCC_WARN_UNUSED_VARIABLE = YES;
				IPHONEOS_DEPLOYMENT_TARGET = 10.3;
				MTL_ENABLE_DEBUG_INFO = NO;
				SDKROOT = iphoneos;
				VALIDATE_PRODUCT = YES;
			};
			name = Release;
		};
		85416DA21ECECC44005D0B7E /* Debug */ = {
			isa = XCBuildConfiguration;
			buildSettings = {
				ASSETCATALOG_COMPILER_APPICON_NAME = AppIcon;
				DEVELOPMENT_TEAM = L9ALLF39KA;
				INFOPLIST_FILE = PlayerInitWithApple/Info.plist;
				LD_RUNPATH_SEARCH_PATHS = "$(inherited) @executable_path/Frameworks";
				PRODUCT_BUNDLE_IDENTIFIER = com.jakcy.test.PlayerInitWithApple;
				PRODUCT_NAME = "$(TARGET_NAME)";
			};
			name = Debug;
		};
		85416DA31ECECC44005D0B7E /* Release */ = {
			isa = XCBuildConfiguration;
			buildSettings = {
				ASSETCATALOG_COMPILER_APPICON_NAME = AppIcon;
				DEVELOPMENT_TEAM = L9ALLF39KA;
				INFOPLIST_FILE = PlayerInitWithApple/Info.plist;
				LD_RUNPATH_SEARCH_PATHS = "$(inherited) @executable_path/Frameworks";
				PRODUCT_BUNDLE_IDENTIFIER = com.jakcy.test.PlayerInitWithApple;
				PRODUCT_NAME = "$(TARGET_NAME)";
			};
			name = Release;
		};
/* End XCBuildConfiguration section */

/* Begin XCConfigurationList section */
		85416D851ECECC44005D0B7E /* Build configuration list for PBXProject "PlayerInitWithApple" */ = {
			isa = XCConfigurationList;
			buildConfigurations = (
				85416D9F1ECECC44005D0B7E /* Debug */,
				85416DA01ECECC44005D0B7E /* Release */,
			);
			defaultConfigurationIsVisible = 0;
			defaultConfigurationName = Release;
		};
		85416DA11ECECC44005D0B7E /* Build configuration list for PBXNativeTarget "PlayerInitWithApple" */ = {
			isa = XCConfigurationList;
			buildConfigurations = (
				85416DA21ECECC44005D0B7E /* Debug */,
				85416DA31ECECC44005D0B7E /* Release */,
			);
			defaultConfigurationIsVisible = 0;
		};
/* End XCConfigurationList section */
	};
	rootObject = 85416D821ECECC44005D0B7E /* Project object */;
}
